
Microsoft Visual Studio Solution File, Format Version 12.00
# Visual Studio 15
VisualStudioVersion = 15.0.28010.2050
MinimumVisualStudioVersion = 10.0.40219.1
Project("{FAE04EC0-301F-11D3-BF4B-00C04F79EFBC}") = "IPCSharp", "IPCSharp\IPCSharp.csproj", "{FC4424F8-3B28-4293-AB41-16BBE5166FA3}"
EndProject
Project("{FAE04EC0-301F-11D3-BF4B-00C04F79EFBC}") = "IPCSharpTest", "IPCSharpTest\IPCSharpTest.csproj", "{30CBCAFD-8DBF-4845-A287-36B55419FE77}"
EndProject
Project("{FAE04EC0-301F-11D3-BF4B-00C04F79EFBC}") = "IPCSharpTestHelper", "IPCSharpTestHelper\IPCSharpTestHelper.csproj", "{6D5874F1-3C47-4368-A23E-E8328292922A}"
EndProject
Global
	GlobalSection(SolutionConfigurationPlatforms) = preSolution
		Debug|Any CPU = Debug|Any CPU
		Release|Any CPU = Release|Any CPU
	EndGlobalSection
	GlobalSection(ProjectConfigurationPlatforms) = postSolution
		{FC4424F8-3B28-4293-AB41-16BBE5166FA3}.Debug|Any CPU.ActiveCfg = Debug|Any CPU
		{FC4424F8-3B28-4293-AB41-16BBE5166FA3}.Debug|Any CPU.Build.0 = Debug|Any CPU
		{FC4424F8-3B28-4293-AB41-16BBE5166FA3}.Release|Any CPU.ActiveCfg = Release|Any CPU
		{FC4424F8-3B28-4293-AB41-16BBE5166FA3}.Release|Any CPU.Build.0 = Release|Any CPU
		{30CBCAFD-8DBF-4845-A287-36B55419FE77}.Debug|Any CPU.ActiveCfg = Debug|Any CPU
		{30CBCAFD-8DBF-4845-A287-36B55419FE77}.Debug|Any CPU.Build.0 = Debug|Any CPU
		{30CBCAFD-8DBF-4845-A287-36B55419FE77}.Release|Any CPU.ActiveCfg = Release|Any CPU
		{30CBCAFD-8DBF-4845-A287-36B55419FE77}.Release|Any CPU.Build.0 = Release|Any CPU
		{6D5874F1-3C47-4368-A23E-E8328292922A}.Debug|Any CPU.ActiveCfg = Debug|Any CPU
		{6D5874F1-3C47-4368-A23E-E8328292922A}.Debug|Any CPU.Build.0 = Debug|Any CPU
		{6D5874F1-3C47-4368-A23E-E8328292922A}.Release|Any CPU.ActiveCfg = Release|Any CPU
		{6D5874F1-3C47-4368-A23E-E8328292922A}.Release|Any CPU.Build.0 = Release|Any CPU
	EndGlobalSection
	GlobalSection(SolutionProperties) = preSolution
		HideSolutionNode = FALSE
	EndGlobalSection
	GlobalSection(ExtensibilityGlobals) = postSolution
		SolutionGuid = {4D374212-2991-4E24-9EE3-F472E1485622}
	EndGlobalSection
EndGlobal
